
Microsoft Visual Studio Solution File, Format Version 12.00
# Visual Studio Version 17
VisualStudioVersion = 17.5.002.0
MinimumVisualStudioVersion = 10.0.40219.1
Project("{9A19103F-16F7-4668-BE54-9A1E7A4F7556}") = "ServerCRUDAPI", "ServerCRUDAPI.csproj", "{1A0BF774-C5BC-483C-93CA-926410DA759A}"
EndProject
Global
	GlobalSection(SolutionConfigurationPlatforms) = preSolution
		Debug|Any CPU = Debug|Any CPU
		Release|Any CPU = Release|Any CPU
	EndGlobalSection
	GlobalSection(ProjectConfigurationPlatforms) = postSolution
		{1A0BF774-C5BC-483C-93CA-926410DA759A}.Debug|Any CPU.ActiveCfg = Debug|Any CPU
		{1A0BF774-C5BC-483C-93CA-926410DA759A}.Debug|Any CPU.Build.0 = Debug|Any CPU
		{1A0BF774-C5BC-483C-93CA-926410DA759A}.Release|Any CPU.ActiveCfg = Release|Any CPU
		{1A0BF774-C5BC-483C-93CA-926410DA759A}.Release|Any CPU.Build.0 = Release|Any CPU
	EndGlobalSection
	GlobalSection(SolutionProperties) = preSolution
		HideSolutionNode = FALSE
	EndGlobalSection
	GlobalSection(ExtensibilityGlobals) = postSolution
		SolutionGuid = {8A363105-35CF-4F53-AD3A-4AD44D49DA6E}
	EndGlobalSection
EndGlobal
